{
    "_readme": [
        "This file locks the dependencies of your project to a known state",
        "Read more about it at https://getcomposer.org/doc/01-basic-usage.md#composer-lock-the-lock-file",
        "This file is @generated automatically"
    ],
    "hash": "893d0fa11a071af029d4365a29fd5599",
    "content-hash": "02b3ca8c329abb514b2dca64287c968b",
    "packages": [
        {
            "name": "thinkshout/ts_build_scripts",
            "version": "dev-master",
            "source": {
                "type": "git",
                "url": "https://github.com/thinkshout/ts_build_scripts.git",
                "reference": "19c40c4a2164a1111c6368cde34c33e77fc4929b"
            },
            "dist": {
                "type": "zip",
                "url": "https://api.github.com/repos/thinkshout/ts_build_scripts/zipball/19c40c4a2164a1111c6368cde34c33e77fc4929b",
                "reference": "19c40c4a2164a1111c6368cde34c33e77fc4929b",
                "shasum": ""
            },
            "bin": [
                "bootstrap.sh",
                "build.sh",
                "deploy.sh"
            ],
            "type": "library",
            "support": {
                "source": "https://github.com/thinkshout/ts_build_scripts/tree/master",
                "issues": "https://github.com/thinkshout/ts_build_scripts/issues"
            },
            "time": "2016-08-01 23:51:51"
        }
    ],
    "packages-dev": [],
    "aliases": [],
    "minimum-stability": "stable",
    "stability-flags": {
        "thinkshout/ts_build_scripts": 20
    },
    "prefer-stable": false,
    "prefer-lowest": false,
    "platform": [],
    "platform-dev": []
}
